
Microsoft Visual Studio Solution File, Format Version 12.00
# Visual Studio Version 17
VisualStudioVersion = 17.1.32407.343
MinimumVisualStudioVersion = 10.0.40219.1
Project("{FAE04EC0-301F-11D3-BF4B-00C04F79EFBC}") = "WebApplication13", "WebApplication13\WebApplication13.csproj", "{18827714-1C23-4991-88D7-CF49BA576F4A}"
EndProject
Global
	GlobalSection(SolutionConfigurationPlatforms) = preSolution
		Debug|Any CPU = Debug|Any CPU
		Release|Any CPU = Release|Any CPU
	EndGlobalSection
	GlobalSection(ProjectConfigurationPlatforms) = postSolution
		{18827714-1C23-4991-88D7-CF49BA576F4A}.Debug|Any CPU.ActiveCfg = Debug|Any CPU
		{18827714-1C23-4991-88D7-CF49BA576F4A}.Debug|Any CPU.Build.0 = Debug|Any CPU
		{18827714-1C23-4991-88D7-CF49BA576F4A}.Release|Any CPU.ActiveCfg = Release|Any CPU
		{18827714-1C23-4991-88D7-CF49BA576F4A}.Release|Any CPU.Build.0 = Release|Any CPU
	EndGlobalSection
	GlobalSection(SolutionProperties) = preSolution
		HideSolutionNode = FALSE
	EndGlobalSection
	GlobalSection(ExtensibilityGlobals) = postSolution
		SolutionGuid = {BD28D554-B340-4A95-881B-BB402904D246}
	EndGlobalSection
EndGlobal
